
Microsoft Visual Studio Solution File, Format Version 12.00
# Visual Studio 15
VisualStudioVersion = 15.0.28307.1082
MinimumVisualStudioVersion = 10.0.40219.1
Project("{FAE04EC0-301F-11D3-BF4B-00C04F79EFBC}") = "ChessGame", "ChessGame\ChessGame.csproj", "{E9317CF8-6F80-452E-9FFE-43E8B3EB2905}"
EndProject
Global
	GlobalSection(SolutionConfigurationPlatforms) = preSolution
		Debug|Any CPU = Debug|Any CPU
		Release|Any CPU = Release|Any CPU
	EndGlobalSection
	GlobalSection(ProjectConfigurationPlatforms) = postSolution
		{E9317CF8-6F80-452E-9FFE-43E8B3EB2905}.Debug|Any CPU.ActiveCfg = Debug|Any CPU
		{E9317CF8-6F80-452E-9FFE-43E8B3EB2905}.Debug|Any CPU.Build.0 = Debug|Any CPU
		{E9317CF8-6F80-452E-9FFE-43E8B3EB2905}.Release|Any CPU.ActiveCfg = Release|Any CPU
		{E9317CF8-6F80-452E-9FFE-43E8B3EB2905}.Release|Any CPU.Build.0 = Release|Any CPU
	EndGlobalSection
	GlobalSection(SolutionProperties) = preSolution
		HideSolutionNode = FALSE
	EndGlobalSection
	GlobalSection(ExtensibilityGlobals) = postSolution
		SolutionGuid = {9C9C7D9A-F86E-4B15-830E-A701EB835999}
	EndGlobalSection
EndGlobal
